
Microsoft Visual Studio Solution File, Format Version 12.00
# Visual Studio Version 17
VisualStudioVersion = 17.0.31903.59
MinimumVisualStudioVersion = 10.0.40219.1
Project("{2150E333-8FDC-42A3-9474-1A3956D46DE8}") = "src", "src", "{92DD61C3-B23A-47A0-8925-5416D517F82F}"
EndProject
Project("{F2A71F9B-5D33-465A-A702-920D77279786}") = "FundsSplitter.Logic", "src\FundsSplitter.Logic\FundsSplitter.Logic.fsproj", "{BD4CFFAA-35D5-425B-AF3C-C687044D9886}"
EndProject
Project("{F2A71F9B-5D33-465A-A702-920D77279786}") = "FundsSplitter.App", "src\FundsSplitter.App\FundsSplitter.App.fsproj", "{BB5184DA-1F94-4369-B998-5B06007BB868}"
EndProject
Project("{2150E333-8FDC-42A3-9474-1A3956D46DE8}") = "tests", "tests", "{93B3CC42-F868-49F9-9DDD-102EF507C781}"
EndProject
Project("{F2A71F9B-5D33-465A-A702-920D77279786}") = "FundsSplitter.Logic.Tests", "tests\FundsSplitter.Logic.Tests\FundsSplitter.Logic.Tests.fsproj", "{AEC2C688-22A9-4753-8DF9-3C51AC734E2D}"
EndProject
Global
	GlobalSection(SolutionConfigurationPlatforms) = preSolution
		Debug|Any CPU = Debug|Any CPU
		Release|Any CPU = Release|Any CPU
	EndGlobalSection
	GlobalSection(SolutionProperties) = preSolution
		HideSolutionNode = FALSE
	EndGlobalSection
	GlobalSection(ProjectConfigurationPlatforms) = postSolution
		{BD4CFFAA-35D5-425B-AF3C-C687044D9886}.Debug|Any CPU.ActiveCfg = Debug|Any CPU
		{BD4CFFAA-35D5-425B-AF3C-C687044D9886}.Debug|Any CPU.Build.0 = Debug|Any CPU
		{BD4CFFAA-35D5-425B-AF3C-C687044D9886}.Release|Any CPU.ActiveCfg = Release|Any CPU
		{BD4CFFAA-35D5-425B-AF3C-C687044D9886}.Release|Any CPU.Build.0 = Release|Any CPU
		{BB5184DA-1F94-4369-B998-5B06007BB868}.Debug|Any CPU.ActiveCfg = Debug|Any CPU
		{BB5184DA-1F94-4369-B998-5B06007BB868}.Debug|Any CPU.Build.0 = Debug|Any CPU
		{BB5184DA-1F94-4369-B998-5B06007BB868}.Release|Any CPU.ActiveCfg = Release|Any CPU
		{BB5184DA-1F94-4369-B998-5B06007BB868}.Release|Any CPU.Build.0 = Release|Any CPU
		{AEC2C688-22A9-4753-8DF9-3C51AC734E2D}.Debug|Any CPU.ActiveCfg = Debug|Any CPU
		{AEC2C688-22A9-4753-8DF9-3C51AC734E2D}.Debug|Any CPU.Build.0 = Debug|Any CPU
		{AEC2C688-22A9-4753-8DF9-3C51AC734E2D}.Release|Any CPU.ActiveCfg = Release|Any CPU
		{AEC2C688-22A9-4753-8DF9-3C51AC734E2D}.Release|Any CPU.Build.0 = Release|Any CPU
	EndGlobalSection
	GlobalSection(NestedProjects) = preSolution
		{BD4CFFAA-35D5-425B-AF3C-C687044D9886} = {92DD61C3-B23A-47A0-8925-5416D517F82F}
		{BB5184DA-1F94-4369-B998-5B06007BB868} = {92DD61C3-B23A-47A0-8925-5416D517F82F}
		{AEC2C688-22A9-4753-8DF9-3C51AC734E2D} = {93B3CC42-F868-49F9-9DDD-102EF507C781}
	EndGlobalSection
EndGlobal
